
Microsoft Visual Studio Solution File, Format Version 12.00
# Visual Studio 15
VisualStudioVersion = 15.0.27130.2027
MinimumVisualStudioVersion = 10.0.40219.1
Project("{FAE04EC0-301F-11D3-BF4B-00C04F79EFBC}") = "lab6", "lab6\lab6.csproj", "{EE3D1025-B7D9-4FF3-A5AE-F8409453B774}"
EndProject
Global
	GlobalSection(SolutionConfigurationPlatforms) = preSolution
		Debug|Any CPU = Debug|Any CPU
		Release|Any CPU = Release|Any CPU
	EndGlobalSection
	GlobalSection(ProjectConfigurationPlatforms) = postSolution
		{EE3D1025-B7D9-4FF3-A5AE-F8409453B774}.Debug|Any CPU.ActiveCfg = Debug|Any CPU
		{EE3D1025-B7D9-4FF3-A5AE-F8409453B774}.Debug|Any CPU.Build.0 = Debug|Any CPU
		{EE3D1025-B7D9-4FF3-A5AE-F8409453B774}.Release|Any CPU.ActiveCfg = Release|Any CPU
		{EE3D1025-B7D9-4FF3-A5AE-F8409453B774}.Release|Any CPU.Build.0 = Release|Any CPU
	EndGlobalSection
	GlobalSection(SolutionProperties) = preSolution
		HideSolutionNode = FALSE
	EndGlobalSection
	GlobalSection(ExtensibilityGlobals) = postSolution
		SolutionGuid = {B507B317-411F-4AD6-A3B6-465E481E3FBF}
	EndGlobalSection
EndGlobal
